
Microsoft Visual Studio Solution File, Format Version 12.00
# Visual Studio 15
VisualStudioVersion = 15.0.27130.2027
MinimumVisualStudioVersion = 10.0.40219.1
Project("{FAE04EC0-301F-11D3-BF4B-00C04F79EFBC}") = "CityInfo.API", "CityInfo.API\CityInfo.API.csproj", "{EEEBDCC0-6E8D-4E82-8E9F-EE0E633A9364}"
EndProject
Global
	GlobalSection(SolutionConfigurationPlatforms) = preSolution
		Debug|Any CPU = Debug|Any CPU
		Release|Any CPU = Release|Any CPU
	EndGlobalSection
	GlobalSection(ProjectConfigurationPlatforms) = postSolution
		{EEEBDCC0-6E8D-4E82-8E9F-EE0E633A9364}.Debug|Any CPU.ActiveCfg = Debug|Any CPU
		{EEEBDCC0-6E8D-4E82-8E9F-EE0E633A9364}.Debug|Any CPU.Build.0 = Debug|Any CPU
		{EEEBDCC0-6E8D-4E82-8E9F-EE0E633A9364}.Release|Any CPU.ActiveCfg = Release|Any CPU
		{EEEBDCC0-6E8D-4E82-8E9F-EE0E633A9364}.Release|Any CPU.Build.0 = Release|Any CPU
	EndGlobalSection
	GlobalSection(SolutionProperties) = preSolution
		HideSolutionNode = FALSE
	EndGlobalSection
	GlobalSection(ExtensibilityGlobals) = postSolution
		SolutionGuid = {B5A74038-BDAE-4EAF-87F4-C159B50C5B2F}
	EndGlobalSection
EndGlobal
